// !$*UTF8*$!
{
	archiveVersion = 1;
	classes = {
	};
	objectVersion = 50;
	objects = {

/* Begin PBXBuildFile section */
		CEE6074520FD18C2006E280D /* AppDelegate.swift in Sources */ = {isa = PBXBuildFile; fileRef = CEE6074420FD18C2006E280D /* AppDelegate.swift */; };
		CEE6074720FD18C2006E280D /* ViewController.swift in Sources */ = {isa = PBXBuildFile; fileRef = CEE6074620FD18C2006E280D /* ViewController.swift */; };
		CEE6074A20FD18C2006E280D /* Main.storyboard in Resources */ = {isa = PBXBuildFile; fileRef = CEE6074820FD18C2006E280D /* Main.storyboard */; };
		CEE6074D20FD18C3006E280D /* Camera_Cloud.xcdatamodeld in Sources */ = {isa = PBXBuildFile; fileRef = CEE6074B20FD18C3006E280D /* Camera_Cloud.xcdatamodeld */; };
		CEE6074F20FD18CE006E280D /* Assets.xcassets in Resources */ = {isa = PBXBuildFile; fileRef = CEE6074E20FD18CE006E280D /* Assets.xcassets */; };
		CEE6075220FD18CE006E280D /* LaunchScreen.storyboard in Resources */ = {isa = PBXBuildFile; fileRef = CEE6075020FD18CE006E280D /* LaunchScreen.storyboard */; };
/* End PBXBuildFile section */

/* Begin PBXFileReference section */
		CEE6074120FD18C2006E280D /* Camera&Cloud.app */ = {isa = PBXFileReference; explicitFileType = wrapper.application; includeInIndex = 0; path = "Camera&Cloud.app"; sourceTree = BUILT_PRODUCTS_DIR; };
		CEE6074420FD18C2006E280D /* AppDelegate.swift */ = {isa = PBXFileReference; lastKnownFileType = sourcecode.swift; path = AppDelegate.swift; sourceTree = "<group>"; };
		CEE6074620FD18C2006E280D /* ViewController.swift */ = {isa = PBXFileReference; lastKnownFileType = sourcecode.swift; path = ViewController.swift; sourceTree = "<group>"; };
		CEE6074920FD18C2006E280D /* Base */ = {isa = PBXFileReference; lastKnownFileType = file.storyboard; name = Base; path = Base.lproj/Main.storyboard; sourceTree = "<group>"; };
		CEE6074C20FD18C3006E280D /* Camera_Cloud.xcdatamodel */ = {isa = PBXFileReference; lastKnownFileType = wrapper.xcdatamodel; path = Camera_Cloud.xcdatamodel; sourceTree = "<group>"; };
		CEE6074E20FD18CE006E280D /* Assets.xcassets */ = {isa = PBXFileReference; lastKnownFileType = folder.assetcatalog; path = Assets.xcassets; sourceTree = "<group>"; };
		CEE6075120FD18CE006E280D /* Base */ = {isa = PBXFileReference; lastKnownFileType = file.storyboard; name = Base; path = Base.lproj/LaunchScreen.storyboard; sourceTree = "<group>"; };
		CEE6075320FD18CE006E280D /* Info.plist */ = {isa = PBXFileReference; lastKnownFileType = text.plist.xml; path = Info.plist; sourceTree = "<group>"; };
/* End PBXFileReference section */

/* Begin PBXFrameworksBuildPhase section */
		CEE6073E20FD18C2006E280D /* Frameworks */ = {
			isa = PBXFrameworksBuildPhase;
			buildActionMask = 2147483647;
			files = (
			);
			runOnlyForDeploymentPostprocessing = 0;
		};
/* End PBXFrameworksBuildPhase section */

/* Begin PBXGroup section */
		CEE6073820FD18C2006E280D = {
			isa = PBXGroup;
			children = (
				CEE6074320FD18C2006E280D /* Camera&Cloud */,
				CEE6074220FD18C2006E280D /* Products */,
			);
			sourceTree = "<group>";
		};
		CEE6074220FD18C2006E280D /* Products */ = {
			isa = PBXGroup;
			children = (
				CEE6074120FD18C2006E280D /* Camera&Cloud.app */,
			);
			name = Products;
			sourceTree = "<group>";
		};
		CEE6074320FD18C2006E280D /* Camera&Cloud */ = {
			isa = PBXGroup;
			children = (
				CEE6074420FD18C2006E280D /* AppDelegate.swift */,
				CEE6074620FD18C2006E280D /* ViewController.swift */,
				CEE6074820FD18C2006E280D /* Main.storyboard */,
				CEE6074E20FD18CE006E280D /* Assets.xcassets */,
				CEE6075020FD18CE006E280D /* LaunchScreen.storyboard */,
				CEE6075320FD18CE006E280D /* Info.plist */,
				CEE6074B20FD18C3006E280D /* Camera_Cloud.xcdatamodeld */,
			);
			path = "Camera&Cloud";
			sourceTree = "<group>";
		};
/* End PBXGroup section */

/* Begin PBXNativeTarget section */
		CEE6074020FD18C2006E280D /* Camera&Cloud */ = {
			isa = PBXNativeTarget;
			buildConfigurationList = CEE6075620FD18CE006E280D /* Build configuration list for PBXNativeTarget "Camera&Cloud" */;
			buildPhases = (
				CEE6073D20FD18C2006E280D /* Sources */,
				CEE6073E20FD18C2006E280D /* Frameworks */,
				CEE6073F20FD18C2006E280D /* Resources */,
			);
			buildRules = (
			);
			dependencies = (
			);
			name = "Camera&Cloud";
			productName = "Camera&Cloud";
			productReference = CEE6074120FD18C2006E280D /* Camera&Cloud.app */;
			productType = "com.apple.product-type.application";
		};
/* End PBXNativeTarget section */

/* Begin PBXProject section */
		CEE6073920FD18C2006E280D /* Project object */ = {
			isa = PBXProject;
			attributes = {
				LastSwiftUpdateCheck = 0940;
				LastUpgradeCheck = 0940;
				ORGANIZATIONNAME = "Wilmer sinchi";
				TargetAttributes = {
					CEE6074020FD18C2006E280D = {
						CreatedOnToolsVersion = 9.4.1;
					};
				};
			};
			buildConfigurationList = CEE6073C20FD18C2006E280D /* Build configuration list for PBXProject "Camera&Cloud" */;
			compatibilityVersion = "Xcode 9.3";
			developmentRegion = en;
			hasScannedForEncodings = 0;
			knownRegions = (
				en,
				Base,
			);
			mainGroup = CEE6073820FD18C2006E280D;
			productRefGroup = CEE6074220FD18C2006E280D /* Products */;
			projectDirPath = "";
			projectRoot = "";
			targets = (
				CEE6074020FD18C2006E280D /* Camera&Cloud */,
			);
		};
/* End PBXProject section */

/* Begin PBXResourcesBuildPhase section */
		CEE6073F20FD18C2006E280D /* Resources */ = {
			isa = PBXResourcesBuildPhase;
			buildActionMask = 2147483647;
			files = (
				CEE6075220FD18CE006E280D /* LaunchScreen.storyboard in Resources */,
				CEE6074F20FD18CE006E280D /* Assets.xcassets in Resources */,
				CEE6074A20FD18C2006E280D /* Main.storyboard in Resources */,
			);
			runOnlyForDeploymentPostprocessing = 0;
		};
/* End PBXResourcesBuildPhase section */

/* Begin PBXSourcesBuildPhase section */
		CEE6073D20FD18C2006E280D /* Sources */ = {
			isa = PBXSourcesBuildPhase;
			buildActionMask = 2147483647;
			files = (
				CEE6074D20FD18C3006E280D /* Camera_Cloud.xcdatamodeld in Sources */,
				CEE6074720FD18C2006E280D /* ViewController.swift in Sources */,
				CEE6074520FD18C2006E280D /* AppDelegate.swift in Sources */,
			);
			runOnlyForDeploymentPostprocessing = 0;
		};
/* End PBXSourcesBuildPhase section */

/* Begin PBXVariantGroup section */
		CEE6074820FD18C2006E280D /* Main.storyboard */ = {
			isa = PBXVariantGroup;
			children = (
				CEE6074920FD18C2006E280D /* Base */,
			);
			name = Main.storyboard;
			sourceTree = "<group>";
		};
		CEE6075020FD18CE006E280D /* LaunchScreen.storyboard */ = {
			isa = PBXVariantGroup;
			children = (
				CEE6075120FD18CE006E280D /* Base */,
			);
			name = LaunchScreen.storyboard;
			sourceTree = "<group>";
		};
/* End PBXVariantGroup section */

/* Begin XCBuildConfiguration section */
		CEE6075420FD18CE006E280D /* Debug */ = {
			isa = XCBuildConfiguration;
			buildSettings = {
				ALWAYS_SEARCH_USER_PATHS = NO;
				CLANG_ANALYZER_NONNULL = YES;
				CLANG_ANALYZER_NUMBER_OBJECT_CONVERSION = YES_AGGRESSIVE;
				CLANG_CXX_LANGUAGE_STANDARD = "gnu++14";
				CLANG_CXX_LIBRARY = "libc++";
				CLANG_ENABLE_MODULES = YES;
				CLANG_ENABLE_OBJC_ARC = YES;
				CLANG_ENABLE_OBJC_WEAK = YES;
				CLANG_WARN_BLOCK_CAPTURE_AUTORELEASING = YES;
				CLANG_WARN_BOOL_CONVERSION = YES;
				CLANG_WARN_COMMA = YES;
				CLANG_WARN_CONSTANT_CONVERSION = YES;
				CLANG_WARN_DEPRECATED_OBJC_IMPLEMENTATIONS = YES;
				CLANG_WARN_DIRECT_OBJC_ISA_USAGE = YES_ERROR;
				CLANG_WARN_DOCUMENTATION_COMMENTS = YES;
				CLANG_WARN_EMPTY_BODY = YES;
				CLANG_WARN_ENUM_CONVERSION = YES;
				CLANG_WARN_INFINITE_RECURSION = YES;
				CLANG_WARN_INT_CONVERSION = YES;
				CLANG_WARN_NON_LITERAL_NULL_CONVERSION = YES;
				CLANG_WARN_OBJC_IMPLICIT_RETAIN_SELF = YES;
				CLANG_WARN_OBJC_LITERAL_CONVERSION = YES;
				CLANG_WARN_OBJC_ROOT_CLASS = YES_ERROR;
				CLANG_WARN_RANGE_LOOP_ANALYSIS = YES;
				CLANG_WARN_STRICT_PROTOTYPES = YES;
				CLANG_WARN_SUSPICIOUS_MOVE = YES;
				CLANG_WARN_UNGUARDED_AVAILABILITY = YES_AGGRESSIVE;
				CLANG_WARN_UNREACHABLE_CODE = YES;
				CLANG_WARN__DUPLICATE_METHOD_MATCH = YES;
				CODE_SIGN_IDENTITY = "iPhone Developer";
				COPY_PHASE_STRIP = NO;
				DEBUG_INFORMATION_FORMAT = dwarf;
				ENABLE_STRICT_OBJC_MSGSEND = YES;
				ENABLE_TESTABILITY = YES;
				GCC_C_LANGUAGE_STANDARD = gnu11;
				GCC_DYNAMIC_NO_PIC = NO;
				GCC_NO_COMMON_BLOCKS = YES;
				GCC_OPTIMIZATION_LEVEL = 0;
				GCC_PREPROCESSOR_DEFINITIONS = (
					"DEBUG=1",
					"$(inherited)",
				);
				GCC_WARN_64_TO_32_BIT_CONVERSION = YES;
				GCC_WARN_ABOUT_RETURN_TYPE = YES_ERROR;
				GCC_WARN_UNDECLARED_SELECTOR = YES;
				GCC_WARN_UNINITIALIZED_AUTOS = YES_AGGRESSIVE;
				GCC_WARN_UNUSED_FUNCTION = YES;
				GCC_WARN_UNUSED_VARIABLE = YES;
				IPHONEOS_DEPLOYMENT_TARGET = 11.4;
				MTL_ENABLE_DEBUG_INFO = YES;
				ONLY_ACTIVE_ARCH = YES;
				SDKROOT = iphoneos;
				SWIFT_ACTIVE_COMPILATION_CONDITIONS = DEBUG;
				SWIFT_OPTIMIZATION_LEVEL = "-Onone";
			};
			name = Debug;
		};
		CEE6075520FD18CE006E280D /* Release */ = {
			isa = XCBuildConfiguration;
			buildSettings = {
				ALWAYS_SEARCH_USER_PATHS = NO;
				CLANG_ANALYZER_NONNULL = YES;
				CLANG_ANALYZER_NUMBER_OBJECT_CONVERSION = YES_AGGRESSIVE;
				CLANG_CXX_LANGUAGE_STANDARD = "gnu++14";
				CLANG_CXX_LIBRARY = "libc++";
				CLANG_ENABLE_MODULES = YES;
				CLANG_ENABLE_OBJC_ARC = YES;
				CLANG_ENABLE_OBJC_WEAK = YES;
				CLANG_WARN_BLOCK_CAPTURE_AUTORELEASING = YES;
				CLANG_WARN_BOOL_CONVERSION = YES;
				CLANG_WARN_COMMA = YES;
				CLANG_WARN_CONSTANT_CONVERSION = YES;
				CLANG_WARN_DEPRECATED_OBJC_IMPLEMENTATIONS = YES;
				CLANG_WARN_DIRECT_OBJC_ISA_USAGE = YES_ERROR;
				CLANG_WARN_DOCUMENTATION_COMMENTS = YES;
				CLANG_WARN_EMPTY_BODY = YES;
				CLANG_WARN_ENUM_CONVERSION = YES;
				CLANG_WARN_INFINITE_RECURSION = YES;
				CLANG_WARN_INT_CONVERSION = YES;
				CLANG_WARN_NON_LITERAL_NULL_CONVERSION = YES;
				CLANG_WARN_OBJC_IMPLICIT_RETAIN_SELF = YES;
				CLANG_WARN_OBJC_LITERAL_CONVERSION = YES;
				CLANG_WARN_OBJC_ROOT_CLASS = YES_ERROR;
				CLANG_WARN_RANGE_LOOP_ANALYSIS = YES;
				CLANG_WARN_STRICT_PROTOTYPES = YES;
				CLANG_WARN_SUSPICIOUS_MOVE = YES;
				CLANG_WARN_UNGUARDED_AVAILABILITY = YES_AGGRESSIVE;
				CLANG_WARN_UNREACHABLE_CODE = YES;
				CLANG_WARN__DUPLICATE_METHOD_MATCH = YES;
				CODE_SIGN_IDENTITY = "iPhone Developer";
				COPY_PHASE_STRIP = NO;
				DEBUG_INFORMATION_FORMAT = "dwarf-with-dsym";
				ENABLE_NS_ASSERTIONS = NO;
				ENABLE_STRICT_OBJC_MSGSEND = YES;
				GCC_C_LANGUAGE_STANDARD = gnu11;
				GCC_NO_COMMON_BLOCKS = YES;
				GCC_WARN_64_TO_32_BIT_CONVERSION = YES;
				GCC_WARN_ABOUT_RETURN_TYPE = YES_ERROR;
				GCC_WARN_UNDECLARED_SELECTOR = YES;
				GCC_WARN_UNINITIALIZED_AUTOS = YES_AGGRESSIVE;
				GCC_WARN_UNUSED_FUNCTION = YES;
				GCC_WARN_UNUSED_VARIABLE = YES;
				IPHONEOS_DEPLOYMENT_TARGET = 11.4;
				MTL_ENABLE_DEBUG_INFO = NO;
				SDKROOT = iphoneos;
				SWIFT_COMPILATION_MODE = wholemodule;
				SWIFT_OPTIMIZATION_LEVEL = "-O";
				VALIDATE_PRODUCT = YES;
			};
			name = Release;
		};
		CEE6075720FD18CE006E280D /* Debug */ = {
			isa = XCBuildConfiguration;
			buildSettings = {
				ASSETCATALOG_COMPILER_APPICON_NAME = AppIcon;
				CODE_SIGN_STYLE = Automatic;
				INFOPLIST_FILE = "Camera&Cloud/Info.plist";
				LD_RUNPATH_SEARCH_PATHS = (
					"$(inherited)",
					"@executable_path/Frameworks",
				);
				PRODUCT_BUNDLE_IDENTIFIER = "com.ttt.algoandcoding.Camera-Cloud";
				PRODUCT_NAME = "$(TARGET_NAME)";
				SWIFT_VERSION = 4.0;
				TARGETED_DEVICE_FAMILY = "1,2";
			};
			name = Debug;
		};
		CEE6075820FD18CE006E280D /* Release */ = {
			isa = XCBuildConfiguration;
			buildSettings = {
				ASSETCATALOG_COMPILER_APPICON_NAME = AppIcon;
				CODE_SIGN_STYLE = Automatic;
				INFOPLIST_FILE = "Camera&Cloud/Info.plist";
				LD_RUNPATH_SEARCH_PATHS = (
					"$(inherited)",
					"@executable_path/Frameworks",
				);
				PRODUCT_BUNDLE_IDENTIFIER = "com.ttt.algoandcoding.Camera-Cloud";
				PRODUCT_NAME = "$(TARGET_NAME)";
				SWIFT_VERSION = 4.0;
				TARGETED_DEVICE_FAMILY = "1,2";
			};
			name = Release;
		};
/* End XCBuildConfiguration section */

/* Begin XCConfigurationList section */
		CEE6073C20FD18C2006E280D /* Build configuration list for PBXProject "Camera&Cloud" */ = {
			isa = XCConfigurationList;
			buildConfigurations = (
				CEE6075420FD18CE006E280D /* Debug */,
				CEE6075520FD18CE006E280D /* Release */,
			);
			defaultConfigurationIsVisible = 0;
			defaultConfigurationName = Release;
		};
		CEE6075620FD18CE006E280D /* Build configuration list for PBXNativeTarget "Camera&Cloud" */ = {
			isa = XCConfigurationList;
			buildConfigurations = (
				CEE6075720FD18CE006E280D /* Debug */,
				CEE6075820FD18CE006E280D /* Release */,
			);
			defaultConfigurationIsVisible = 0;
			defaultConfigurationName = Release;
		};
/* End XCConfigurationList section */

/* Begin XCVersionGroup section */
		CEE6074B20FD18C3006E280D /* Camera_Cloud.xcdatamodeld */ = {
			isa = XCVersionGroup;
			children = (
				CEE6074C20FD18C3006E280D /* Camera_Cloud.xcdatamodel */,
			);
			currentVersion = CEE6074C20FD18C3006E280D /* Camera_Cloud.xcdatamodel */;
			path = Camera_Cloud.xcdatamodeld;
			sourceTree = "<group>";
			versionGroupType = wrapper.xcdatamodel;
		};
/* End XCVersionGroup section */
	};
	rootObject = CEE6073920FD18C2006E280D /* Project object */;
}
