// !$*UTF8*$!
{
	archiveVersion = 1;
	classes = {
	};
	objectVersion = 50;
	objects = {

/* Begin PBXBuildFile section */
		0A7B5BE9B1729559FD6BE57A /* Pods_Camera_Cloud.framework in Frameworks */ = {isa = PBXBuildFile; fileRef = 5AB7C793FC7B2CBF37FA3804 /* Pods_Camera_Cloud.framework */; };
		CE5F7BAE2109210A00DC3BCE /* DetailViewController.swift in Sources */ = {isa = PBXBuildFile; fileRef = CE5F7BAD2109210A00DC3BCE /* DetailViewController.swift */; };
		CE8551692110BE1500AB9E1E /* GoogleService-Info.plist in Resources */ = {isa = PBXBuildFile; fileRef = CE8551682110BE1400AB9E1E /* GoogleService-Info.plist */; };
		CE939F65210622C3005E8853 /* CameraViewController.swift in Sources */ = {isa = PBXBuildFile; fileRef = CE939F64210622C3005E8853 /* CameraViewController.swift */; };
		CE939F67210622ED005E8853 /* MemoriesViewController.temp_caseinsensitive_rename.swift in Sources */ = {isa = PBXBuildFile; fileRef = CE939F66210622ED005E8853 /* MemoriesViewController.temp_caseinsensitive_rename.swift */; };
		CEE6074520FD18C2006E280D /* AppDelegate.swift in Sources */ = {isa = PBXBuildFile; fileRef = CEE6074420FD18C2006E280D /* AppDelegate.swift */; };
		CEE6074720FD18C2006E280D /* SignInScreen.swift in Sources */ = {isa = PBXBuildFile; fileRef = CEE6074620FD18C2006E280D /* SignInScreen.swift */; };
		CEE6074A20FD18C2006E280D /* Main.storyboard in Resources */ = {isa = PBXBuildFile; fileRef = CEE6074820FD18C2006E280D /* Main.storyboard */; };
		CEE6074D20FD18C3006E280D /* Camera_Cloud.xcdatamodeld in Sources */ = {isa = PBXBuildFile; fileRef = CEE6074B20FD18C3006E280D /* Camera_Cloud.xcdatamodeld */; };
		CEE6074F20FD18CE006E280D /* Assets.xcassets in Resources */ = {isa = PBXBuildFile; fileRef = CEE6074E20FD18CE006E280D /* Assets.xcassets */; };
		CEE6075220FD18CE006E280D /* LaunchScreen.storyboard in Resources */ = {isa = PBXBuildFile; fileRef = CEE6075020FD18CE006E280D /* LaunchScreen.storyboard */; };
/* End PBXBuildFile section */

/* Begin PBXFileReference section */
		4430A049FDEA7EFF5D8EBD68 /* Pods-Camera&Cloud.release.xcconfig */ = {isa = PBXFileReference; includeInIndex = 1; lastKnownFileType = text.xcconfig; name = "Pods-Camera&Cloud.release.xcconfig"; path = "Pods/Target Support Files/Pods-Camera&Cloud/Pods-Camera&Cloud.release.xcconfig"; sourceTree = "<group>"; };
		5AB7C793FC7B2CBF37FA3804 /* Pods_Camera_Cloud.framework */ = {isa = PBXFileReference; explicitFileType = wrapper.framework; includeInIndex = 0; path = Pods_Camera_Cloud.framework; sourceTree = BUILT_PRODUCTS_DIR; };
		62176BAEE2BF950F5C5CBCDC /* Pods-Camera&Cloud.debug.xcconfig */ = {isa = PBXFileReference; includeInIndex = 1; lastKnownFileType = text.xcconfig; name = "Pods-Camera&Cloud.debug.xcconfig"; path = "Pods/Target Support Files/Pods-Camera&Cloud/Pods-Camera&Cloud.debug.xcconfig"; sourceTree = "<group>"; };
		CE5F7BAD2109210A00DC3BCE /* DetailViewController.swift */ = {isa = PBXFileReference; lastKnownFileType = sourcecode.swift; path = DetailViewController.swift; sourceTree = "<group>"; };
		CE8551682110BE1400AB9E1E /* GoogleService-Info.plist */ = {isa = PBXFileReference; fileEncoding = 4; lastKnownFileType = text.plist.xml; name = "GoogleService-Info.plist"; path = "../../../../Downloads/GoogleService-Info.plist"; sourceTree = "<group>"; };
		CE939F64210622C3005E8853 /* CameraViewController.swift */ = {isa = PBXFileReference; lastKnownFileType = sourcecode.swift; path = CameraViewController.swift; sourceTree = "<group>"; };
		CE939F66210622ED005E8853 /* MemoriesViewController.temp_caseinsensitive_rename.swift */ = {isa = PBXFileReference; lastKnownFileType = sourcecode.swift; path = MemoriesViewController.temp_caseinsensitive_rename.swift; sourceTree = "<group>"; };
		CEE6074120FD18C2006E280D /* Camera&Cloud.app */ = {isa = PBXFileReference; explicitFileType = wrapper.application; includeInIndex = 0; path = "Camera&Cloud.app"; sourceTree = BUILT_PRODUCTS_DIR; };
		CEE6074420FD18C2006E280D /* AppDelegate.swift */ = {isa = PBXFileReference; lastKnownFileType = sourcecode.swift; path = AppDelegate.swift; sourceTree = "<group>"; };
		CEE6074620FD18C2006E280D /* SignInScreen.swift */ = {isa = PBXFileReference; lastKnownFileType = sourcecode.swift; path = SignInScreen.swift; sourceTree = "<group>"; };
		CEE6074920FD18C2006E280D /* Base */ = {isa = PBXFileReference; lastKnownFileType = file.storyboard; name = Base; path = Base.lproj/Main.storyboard; sourceTree = "<group>"; };
		CEE6074C20FD18C3006E280D /* Camera_Cloud.xcdatamodel */ = {isa = PBXFileReference; lastKnownFileType = wrapper.xcdatamodel; path = Camera_Cloud.xcdatamodel; sourceTree = "<group>"; };
		CEE6074E20FD18CE006E280D /* Assets.xcassets */ = {isa = PBXFileReference; lastKnownFileType = folder.assetcatalog; path = Assets.xcassets; sourceTree = "<group>"; };
		CEE6075120FD18CE006E280D /* Base */ = {isa = PBXFileReference; lastKnownFileType = file.storyboard; name = Base; path = Base.lproj/LaunchScreen.storyboard; sourceTree = "<group>"; };
		CEE6075320FD18CE006E280D /* Info.plist */ = {isa = PBXFileReference; lastKnownFileType = text.plist.xml; path = Info.plist; sourceTree = "<group>"; };
/* End PBXFileReference section */

/* Begin PBXFrameworksBuildPhase section */
		CEE6073E20FD18C2006E280D /* Frameworks */ = {
			isa = PBXFrameworksBuildPhase;
			buildActionMask = 2147483647;
			files = (
				0A7B5BE9B1729559FD6BE57A /* Pods_Camera_Cloud.framework in Frameworks */,
			);
			runOnlyForDeploymentPostprocessing = 0;
		};
/* End PBXFrameworksBuildPhase section */

/* Begin PBXGroup section */
		7D032BACE05ACE97D0C70C9C /* Pods */ = {
			isa = PBXGroup;
			children = (
				62176BAEE2BF950F5C5CBCDC /* Pods-Camera&Cloud.debug.xcconfig */,
				4430A049FDEA7EFF5D8EBD68 /* Pods-Camera&Cloud.release.xcconfig */,
			);
			name = Pods;
			sourceTree = "<group>";
		};
		9FBB87A9FEB7C712885750D1 /* Frameworks */ = {
			isa = PBXGroup;
			children = (
				5AB7C793FC7B2CBF37FA3804 /* Pods_Camera_Cloud.framework */,
			);
			name = Frameworks;
			sourceTree = "<group>";
		};
		CEE6073820FD18C2006E280D = {
			isa = PBXGroup;
			children = (
				CEE6074320FD18C2006E280D /* Camera&Cloud */,
				CEE6074220FD18C2006E280D /* Products */,
				7D032BACE05ACE97D0C70C9C /* Pods */,
				9FBB87A9FEB7C712885750D1 /* Frameworks */,
			);
			sourceTree = "<group>";
		};
		CEE6074220FD18C2006E280D /* Products */ = {
			isa = PBXGroup;
			children = (
				CEE6074120FD18C2006E280D /* Camera&Cloud.app */,
			);
			name = Products;
			sourceTree = "<group>";
		};
		CEE6074320FD18C2006E280D /* Camera&Cloud */ = {
			isa = PBXGroup;
			children = (
				CEE6074420FD18C2006E280D /* AppDelegate.swift */,
				CEE6074620FD18C2006E280D /* SignInScreen.swift */,
				CEE6074820FD18C2006E280D /* Main.storyboard */,
				CE5F7BAD2109210A00DC3BCE /* DetailViewController.swift */,
				CE939F64210622C3005E8853 /* CameraViewController.swift */,
				CE939F66210622ED005E8853 /* MemoriesViewController.temp_caseinsensitive_rename.swift */,
				CEE6074E20FD18CE006E280D /* Assets.xcassets */,
				CE8551682110BE1400AB9E1E /* GoogleService-Info.plist */,
				CEE6075020FD18CE006E280D /* LaunchScreen.storyboard */,
				CEE6075320FD18CE006E280D /* Info.plist */,
				CEE6074B20FD18C3006E280D /* Camera_Cloud.xcdatamodeld */,
			);
			path = "Camera&Cloud";
			sourceTree = "<group>";
		};
/* End PBXGroup section */

/* Begin PBXNativeTarget section */
		CEE6074020FD18C2006E280D /* Camera&Cloud */ = {
			isa = PBXNativeTarget;
			buildConfigurationList = CEE6075620FD18CE006E280D /* Build configuration list for PBXNativeTarget "Camera&Cloud" */;
			buildPhases = (
				8B721F72AE1D08045941BC83 /* [CP] Check Pods Manifest.lock */,
				CEE6073D20FD18C2006E280D /* Sources */,
				CEE6073E20FD18C2006E280D /* Frameworks */,
				CEE6073F20FD18C2006E280D /* Resources */,
				567CE8B1744E5E72CA82D80A /* [CP] Embed Pods Frameworks */,
			);
			buildRules = (
			);
			dependencies = (
			);
			name = "Camera&Cloud";
			productName = "Camera&Cloud";
			productReference = CEE6074120FD18C2006E280D /* Camera&Cloud.app */;
			productType = "com.apple.product-type.application";
		};
/* End PBXNativeTarget section */

/* Begin PBXProject section */
		CEE6073920FD18C2006E280D /* Project object */ = {
			isa = PBXProject;
			attributes = {
				LastSwiftUpdateCheck = 0940;
				LastUpgradeCheck = 0940;
				ORGANIZATIONNAME = "Wilmer sinchi";
				TargetAttributes = {
					CEE6074020FD18C2006E280D = {
						CreatedOnToolsVersion = 9.4.1;
					};
				};
			};
			buildConfigurationList = CEE6073C20FD18C2006E280D /* Build configuration list for PBXProject "Camera&Cloud" */;
			compatibilityVersion = "Xcode 9.3";
			developmentRegion = en;
			hasScannedForEncodings = 0;
			knownRegions = (
				en,
				Base,
			);
			mainGroup = CEE6073820FD18C2006E280D;
			productRefGroup = CEE6074220FD18C2006E280D /* Products */;
			projectDirPath = "";
			projectRoot = "";
			targets = (
				CEE6074020FD18C2006E280D /* Camera&Cloud */,
			);
		};
/* End PBXProject section */

/* Begin PBXResourcesBuildPhase section */
		CEE6073F20FD18C2006E280D /* Resources */ = {
			isa = PBXResourcesBuildPhase;
			buildActionMask = 2147483647;
			files = (
				CEE6075220FD18CE006E280D /* LaunchScreen.storyboard in Resources */,
				CE8551692110BE1500AB9E1E /* GoogleService-Info.plist in Resources */,
				CEE6074F20FD18CE006E280D /* Assets.xcassets in Resources */,
				CEE6074A20FD18C2006E280D /* Main.storyboard in Resources */,
			);
			runOnlyForDeploymentPostprocessing = 0;
		};
/* End PBXResourcesBuildPhase section */

/* Begin PBXShellScriptBuildPhase section */
		567CE8B1744E5E72CA82D80A /* [CP] Embed Pods Frameworks */ = {
			isa = PBXShellScriptBuildPhase;
			buildActionMask = 2147483647;
			files = (
			);
			inputPaths = (
				"${SRCROOT}/Pods/Target Support Files/Pods-Camera&Cloud/Pods-Camera&Cloud-frameworks.sh",
				"${BUILT_PRODUCTS_DIR}/GTMSessionFetcher/GTMSessionFetcher.framework",
				"${BUILT_PRODUCTS_DIR}/GoogleToolboxForMac/GoogleToolboxForMac.framework",
				"${BUILT_PRODUCTS_DIR}/leveldb-library/leveldb.framework",
				"${BUILT_PRODUCTS_DIR}/nanopb/nanopb.framework",
			);
			name = "[CP] Embed Pods Frameworks";
			outputPaths = (
				"${TARGET_BUILD_DIR}/${FRAMEWORKS_FOLDER_PATH}/GTMSessionFetcher.framework",
				"${TARGET_BUILD_DIR}/${FRAMEWORKS_FOLDER_PATH}/GoogleToolboxForMac.framework",
				"${TARGET_BUILD_DIR}/${FRAMEWORKS_FOLDER_PATH}/leveldb.framework",
				"${TARGET_BUILD_DIR}/${FRAMEWORKS_FOLDER_PATH}/nanopb.framework",
			);
			runOnlyForDeploymentPostprocessing = 0;
			shellPath = /bin/sh;
			shellScript = "\"${SRCROOT}/Pods/Target Support Files/Pods-Camera&Cloud/Pods-Camera&Cloud-frameworks.sh\"\n";
			showEnvVarsInLog = 0;
		};
		8B721F72AE1D08045941BC83 /* [CP] Check Pods Manifest.lock */ = {
			isa = PBXShellScriptBuildPhase;
			buildActionMask = 2147483647;
			files = (
			);
			inputPaths = (
				"${PODS_PODFILE_DIR_PATH}/Podfile.lock",
				"${PODS_ROOT}/Manifest.lock",
			);
			name = "[CP] Check Pods Manifest.lock";
			outputPaths = (
				"$(DERIVED_FILE_DIR)/Pods-Camera&Cloud-checkManifestLockResult.txt",
			);
			runOnlyForDeploymentPostprocessing = 0;
			shellPath = /bin/sh;
			shellScript = "diff \"${PODS_PODFILE_DIR_PATH}/Podfile.lock\" \"${PODS_ROOT}/Manifest.lock\" > /dev/null\nif [ $? != 0 ] ; then\n    # print error to STDERR\n    echo \"error: The sandbox is not in sync with the Podfile.lock. Run 'pod install' or update your CocoaPods installation.\" >&2\n    exit 1\nfi\n# This output is used by Xcode 'outputs' to avoid re-running this script phase.\necho \"SUCCESS\" > \"${SCRIPT_OUTPUT_FILE_0}\"\n";
			showEnvVarsInLog = 0;
		};
/* End PBXShellScriptBuildPhase section */

/* Begin PBXSourcesBuildPhase section */
		CEE6073D20FD18C2006E280D /* Sources */ = {
			isa = PBXSourcesBuildPhase;
			buildActionMask = 2147483647;
			files = (
				CEE6074D20FD18C3006E280D /* Camera_Cloud.xcdatamodeld in Sources */,
				CE939F65210622C3005E8853 /* CameraViewController.swift in Sources */,
				CEE6074720FD18C2006E280D /* SignInScreen.swift in Sources */,
				CE5F7BAE2109210A00DC3BCE /* DetailViewController.swift in Sources */,
				CE939F67210622ED005E8853 /* MemoriesViewController.temp_caseinsensitive_rename.swift in Sources */,
				CEE6074520FD18C2006E280D /* AppDelegate.swift in Sources */,
			);
			runOnlyForDeploymentPostprocessing = 0;
		};
/* End PBXSourcesBuildPhase section */

/* Begin PBXVariantGroup section */
		CEE6074820FD18C2006E280D /* Main.storyboard */ = {
			isa = PBXVariantGroup;
			children = (
				CEE6074920FD18C2006E280D /* Base */,
			);
			name = Main.storyboard;
			sourceTree = "<group>";
		};
		CEE6075020FD18CE006E280D /* LaunchScreen.storyboard */ = {
			isa = PBXVariantGroup;
			children = (
				CEE6075120FD18CE006E280D /* Base */,
			);
			name = LaunchScreen.storyboard;
			sourceTree = "<group>";
		};
/* End PBXVariantGroup section */

/* Begin XCBuildConfiguration section */
		CEE6075420FD18CE006E280D /* Debug */ = {
			isa = XCBuildConfiguration;
			buildSettings = {
				ALWAYS_SEARCH_USER_PATHS = NO;
				CLANG_ANALYZER_NONNULL = YES;
				CLANG_ANALYZER_NUMBER_OBJECT_CONVERSION = YES_AGGRESSIVE;
				CLANG_CXX_LANGUAGE_STANDARD = "gnu++14";
				CLANG_CXX_LIBRARY = "libc++";
				CLANG_ENABLE_MODULES = YES;
				CLANG_ENABLE_OBJC_ARC = YES;
				CLANG_ENABLE_OBJC_WEAK = YES;
				CLANG_WARN_BLOCK_CAPTURE_AUTORELEASING = YES;
				CLANG_WARN_BOOL_CONVERSION = YES;
				CLANG_WARN_COMMA = YES;
				CLANG_WARN_CONSTANT_CONVERSION = YES;
				CLANG_WARN_DEPRECATED_OBJC_IMPLEMENTATIONS = YES;
				CLANG_WARN_DIRECT_OBJC_ISA_USAGE = YES_ERROR;
				CLANG_WARN_DOCUMENTATION_COMMENTS = YES;
				CLANG_WARN_EMPTY_BODY = YES;
				CLANG_WARN_ENUM_CONVERSION = YES;
				CLANG_WARN_INFINITE_RECURSION = YES;
				CLANG_WARN_INT_CONVERSION = YES;
				CLANG_WARN_NON_LITERAL_NULL_CONVERSION = YES;
				CLANG_WARN_OBJC_IMPLICIT_RETAIN_SELF = YES;
				CLANG_WARN_OBJC_LITERAL_CONVERSION = YES;
				CLANG_WARN_OBJC_ROOT_CLASS = YES_ERROR;
				CLANG_WARN_RANGE_LOOP_ANALYSIS = YES;
				CLANG_WARN_STRICT_PROTOTYPES = YES;
				CLANG_WARN_SUSPICIOUS_MOVE = YES;
				CLANG_WARN_UNGUARDED_AVAILABILITY = YES_AGGRESSIVE;
				CLANG_WARN_UNREACHABLE_CODE = YES;
				CLANG_WARN__DUPLICATE_METHOD_MATCH = YES;
				CODE_SIGN_IDENTITY = "iPhone Developer";
				COPY_PHASE_STRIP = NO;
				DEBUG_INFORMATION_FORMAT = dwarf;
				ENABLE_STRICT_OBJC_MSGSEND = YES;
				ENABLE_TESTABILITY = YES;
				GCC_C_LANGUAGE_STANDARD = gnu11;
				GCC_DYNAMIC_NO_PIC = NO;
				GCC_NO_COMMON_BLOCKS = YES;
				GCC_OPTIMIZATION_LEVEL = 0;
				GCC_PREPROCESSOR_DEFINITIONS = (
					"DEBUG=1",
					"$(inherited)",
				);
				GCC_WARN_64_TO_32_BIT_CONVERSION = YES;
				GCC_WARN_ABOUT_RETURN_TYPE = YES_ERROR;
				GCC_WARN_UNDECLARED_SELECTOR = YES;
				GCC_WARN_UNINITIALIZED_AUTOS = YES_AGGRESSIVE;
				GCC_WARN_UNUSED_FUNCTION = YES;
				GCC_WARN_UNUSED_VARIABLE = YES;
				IPHONEOS_DEPLOYMENT_TARGET = 11.4;
				MTL_ENABLE_DEBUG_INFO = YES;
				ONLY_ACTIVE_ARCH = YES;
				SDKROOT = iphoneos;
				SWIFT_ACTIVE_COMPILATION_CONDITIONS = DEBUG;
				SWIFT_OPTIMIZATION_LEVEL = "-Onone";
			};
			name = Debug;
		};
		CEE6075520FD18CE006E280D /* Release */ = {
			isa = XCBuildConfiguration;
			buildSettings = {
				ALWAYS_SEARCH_USER_PATHS = NO;
				CLANG_ANALYZER_NONNULL = YES;
				CLANG_ANALYZER_NUMBER_OBJECT_CONVERSION = YES_AGGRESSIVE;
				CLANG_CXX_LANGUAGE_STANDARD = "gnu++14";
				CLANG_CXX_LIBRARY = "libc++";
				CLANG_ENABLE_MODULES = YES;
				CLANG_ENABLE_OBJC_ARC = YES;
				CLANG_ENABLE_OBJC_WEAK = YES;
				CLANG_WARN_BLOCK_CAPTURE_AUTORELEASING = YES;
				CLANG_WARN_BOOL_CONVERSION = YES;
				CLANG_WARN_COMMA = YES;
				CLANG_WARN_CONSTANT_CONVERSION = YES;
				CLANG_WARN_DEPRECATED_OBJC_IMPLEMENTATIONS = YES;
				CLANG_WARN_DIRECT_OBJC_ISA_USAGE = YES_ERROR;
				CLANG_WARN_DOCUMENTATION_COMMENTS = YES;
				CLANG_WARN_EMPTY_BODY = YES;
				CLANG_WARN_ENUM_CONVERSION = YES;
				CLANG_WARN_INFINITE_RECURSION = YES;
				CLANG_WARN_INT_CONVERSION = YES;
				CLANG_WARN_NON_LITERAL_NULL_CONVERSION = YES;
				CLANG_WARN_OBJC_IMPLICIT_RETAIN_SELF = YES;
				CLANG_WARN_OBJC_LITERAL_CONVERSION = YES;
				CLANG_WARN_OBJC_ROOT_CLASS = YES_ERROR;
				CLANG_WARN_RANGE_LOOP_ANALYSIS = YES;
				CLANG_WARN_STRICT_PROTOTYPES = YES;
				CLANG_WARN_SUSPICIOUS_MOVE = YES;
				CLANG_WARN_UNGUARDED_AVAILABILITY = YES_AGGRESSIVE;
				CLANG_WARN_UNREACHABLE_CODE = YES;
				CLANG_WARN__DUPLICATE_METHOD_MATCH = YES;
				CODE_SIGN_IDENTITY = "iPhone Developer";
				COPY_PHASE_STRIP = NO;
				DEBUG_INFORMATION_FORMAT = "dwarf-with-dsym";
				ENABLE_NS_ASSERTIONS = NO;
				ENABLE_STRICT_OBJC_MSGSEND = YES;
				GCC_C_LANGUAGE_STANDARD = gnu11;
				GCC_NO_COMMON_BLOCKS = YES;
				GCC_WARN_64_TO_32_BIT_CONVERSION = YES;
				GCC_WARN_ABOUT_RETURN_TYPE = YES_ERROR;
				GCC_WARN_UNDECLARED_SELECTOR = YES;
				GCC_WARN_UNINITIALIZED_AUTOS = YES_AGGRESSIVE;
				GCC_WARN_UNUSED_FUNCTION = YES;
				GCC_WARN_UNUSED_VARIABLE = YES;
				IPHONEOS_DEPLOYMENT_TARGET = 11.4;
				MTL_ENABLE_DEBUG_INFO = NO;
				SDKROOT = iphoneos;
				SWIFT_COMPILATION_MODE = wholemodule;
				SWIFT_OPTIMIZATION_LEVEL = "-O";
				VALIDATE_PRODUCT = YES;
			};
			name = Release;
		};
		CEE6075720FD18CE006E280D /* Debug */ = {
			isa = XCBuildConfiguration;
			baseConfigurationReference = 62176BAEE2BF950F5C5CBCDC /* Pods-Camera&Cloud.debug.xcconfig */;
			buildSettings = {
				ASSETCATALOG_COMPILER_APPICON_NAME = AppIcon;
				CODE_SIGN_STYLE = Automatic;
				DEVELOPMENT_TEAM = G9Q29J355M;
				INFOPLIST_FILE = "Camera&Cloud/Info.plist";
				IPHONEOS_DEPLOYMENT_TARGET = 11.0;
				LD_RUNPATH_SEARCH_PATHS = (
					"$(inherited)",
					"@executable_path/Frameworks",
				);
				PRODUCT_BUNDLE_IDENTIFIER = "com.ttt.algoandcoding.Camera-Cloud";
				PRODUCT_NAME = "$(TARGET_NAME)";
				SWIFT_VERSION = 4.0;
				TARGETED_DEVICE_FAMILY = "1,2";
			};
			name = Debug;
		};
		CEE6075820FD18CE006E280D /* Release */ = {
			isa = XCBuildConfiguration;
			baseConfigurationReference = 4430A049FDEA7EFF5D8EBD68 /* Pods-Camera&Cloud.release.xcconfig */;
			buildSettings = {
				ASSETCATALOG_COMPILER_APPICON_NAME = AppIcon;
				CODE_SIGN_STYLE = Automatic;
				DEVELOPMENT_TEAM = G9Q29J355M;
				INFOPLIST_FILE = "Camera&Cloud/Info.plist";
				IPHONEOS_DEPLOYMENT_TARGET = 11.0;
				LD_RUNPATH_SEARCH_PATHS = (
					"$(inherited)",
					"@executable_path/Frameworks",
				);
				PRODUCT_BUNDLE_IDENTIFIER = "com.ttt.algoandcoding.Camera-Cloud";
				PRODUCT_NAME = "$(TARGET_NAME)";
				SWIFT_VERSION = 4.0;
				TARGETED_DEVICE_FAMILY = "1,2";
			};
			name = Release;
		};
/* End XCBuildConfiguration section */

/* Begin XCConfigurationList section */
		CEE6073C20FD18C2006E280D /* Build configuration list for PBXProject "Camera&Cloud" */ = {
			isa = XCConfigurationList;
			buildConfigurations = (
				CEE6075420FD18CE006E280D /* Debug */,
				CEE6075520FD18CE006E280D /* Release */,
			);
			defaultConfigurationIsVisible = 0;
			defaultConfigurationName = Release;
		};
		CEE6075620FD18CE006E280D /* Build configuration list for PBXNativeTarget "Camera&Cloud" */ = {
			isa = XCConfigurationList;
			buildConfigurations = (
				CEE6075720FD18CE006E280D /* Debug */,
				CEE6075820FD18CE006E280D /* Release */,
			);
			defaultConfigurationIsVisible = 0;
			defaultConfigurationName = Release;
		};
/* End XCConfigurationList section */

/* Begin XCVersionGroup section */
		CEE6074B20FD18C3006E280D /* Camera_Cloud.xcdatamodeld */ = {
			isa = XCVersionGroup;
			children = (
				CEE6074C20FD18C3006E280D /* Camera_Cloud.xcdatamodel */,
			);
			currentVersion = CEE6074C20FD18C3006E280D /* Camera_Cloud.xcdatamodel */;
			path = Camera_Cloud.xcdatamodeld;
			sourceTree = "<group>";
			versionGroupType = wrapper.xcdatamodel;
		};
/* End XCVersionGroup section */
	};
	rootObject = CEE6073920FD18C2006E280D /* Project object */;
}
